Microsoft Visual Studio Solution File, Format Version 12.00
# Visual Studio 14
VisualStudioVersion = 14.0.25420.1
MinimumVisualStudioVersion = 10.0.40219.1
Project("{F184B08F-C81C-45F6-A57F-5ABD9991F28F}") = "AAS203", "AAS203\AAS203.vbproj", "{6485C75D-6601-44A6-B475-1C66BA69B432}"
EndProject
Project("{F184B08F-C81C-45F6-A57F-5ABD9991F28F}") = "IQOQPQ", "IQOQPQ\IQOQPQ.vbproj", "{86B8821F-30AA-4933-89D6-43B4B355A98C}"
EndProject
Project("{F184B08F-C81C-45F6-A57F-5ABD9991F28F}") = "GridLayoutPanel", "GridLayoutPanel\GridLayoutPanel.vbproj", "{30FEF150-6F1B-4B78-B0CF-287A5517BA8A}"
EndProject
Project("{F184B08F-C81C-45F6-A57F-5ABD9991F28F}") = "ValueEditor", "ValueEditor\ValueEditor.vbproj", "{2C5A3C7F-520C-4412-BB51-84975977D41B}"
EndProject
Project("{F184B08F-C81C-45F6-A57F-5ABD9991F28F}") = "MessageHandler", "MessageHandler\MessageHandler.vbproj", "{22FD73AD-59C2-4980-B03E-E81304407A68}"
EndProject
Project("{F184B08F-C81C-45F6-A57F-5ABD9991F28F}") = "RS232SerialComm", "RS232SerialComm\RS232SerialComm.vbproj", "{2584A570-0F6B-4F24-A164-D4F9B5AD2593}"
EndProject
Project("{F184B08F-C81C-45F6-A57F-5ABD9991F28F}") = "AAS203Library", "AAS203Library\AAS203Library.vbproj", "{9967645F-BB20-443A-8CB4-B8F5F689015E}"
EndProject
Project("{FAE04EC0-301F-11D3-BF4B-00C04F79EFBC}") = "AldysGraph", "AldysGraph\AldysGraph.csproj", "{7CADF053-FEC5-4349-9F5D-707EB39821CA}"
EndProject
Project("{F184B08F-C81C-45F6-A57F-5ABD9991F28F}") = "NumberValidator", "NumberValidator\NumberValidator.vbproj", "{242CA1BA-0BD8-4C05-BDB7-686BE426BE54}"
EndProject
Project("{2150E333-8FDC-42A3-9474-1A3956D46DE8}") = "Solution Items", "Solution Items", "{D924015C-DFC9-48BF-8D16-BA71D4922657}"
	ProjectSection(SolutionItems) = preProject
		Icon1.ico = Icon1.ico
	EndProjectSection
EndProject
Project("{54435603-DBB4-11D2-8724-00A0C9A8B90C}") = "AAS_DEMO1", "AAS_DEMO1\AAS_DEMO1.vdproj", "{E08E4312-E748-4D68-BB36-9392FB8CD44C}"
EndProject
Project("{54435603-DBB4-11D2-8724-00A0C9A8B90C}") = "AAS_Demo", "..\SETUP\AAS_Demo\AAS_Demo.vdproj", "{925A49DF-C7B4-478E-B544-DC4900C98902}"
EndProject
Project("{54435603-DBB4-11D2-8724-00A0C9A8B90C}") = "AAS303", "..\Setup303\AAS303\AAS303.vdproj", "{55A8510C-FEB7-4700-B0F1-AD30B2EC4182}"
EndProject
Global
	GlobalSection(SolutionConfigurationPlatforms) = preSolution
		Debug|Any CPU = Debug|Any CPU
		Debug|x64 = Debug|x64
		Debug|x86 = Debug|x86
		Release 1|Any CPU = Release 1|Any CPU
		Release 1|x64 = Release 1|x64
		Release 1|x86 = Release 1|x86
		Release|Any CPU = Release|Any CPU
		Release|x64 = Release|x64
		Release|x86 = Release|x86
	EndGlobalSection
	GlobalSection(ProjectConfigurationPlatforms) = postSolution
		{6485C75D-6601-44A6-B475-1C66BA69B432}.Debug|Any CPU.ActiveCfg = Debug|Any CPU
		{6485C75D-6601-44A6-B475-1C66BA69B432}.Debug|Any CPU.Build.0 = Debug|Any CPU
		{6485C75D-6601-44A6-B475-1C66BA69B432}.Debug|x64.ActiveCfg = Debug|x64
		{6485C75D-6601-44A6-B475-1C66BA69B432}.Debug|x64.Build.0 = Debug|x64
		{6485C75D-6601-44A6-B475-1C66BA69B432}.Debug|x86.ActiveCfg = Debug|x86
		{6485C75D-6601-44A6-B475-1C66BA69B432}.Debug|x86.Build.0 = Debug|x86
		{6485C75D-6601-44A6-B475-1C66BA69B432}.Release 1|Any CPU.ActiveCfg = Release|Any CPU
		{6485C75D-6601-44A6-B475-1C66BA69B432}.Release 1|Any CPU.Build.0 = Release|Any CPU
		{6485C75D-6601-44A6-B475-1C66BA69B432}.Release 1|x64.ActiveCfg = Release|x64
		{6485C75D-6601-44A6-B475-1C66BA69B432}.Release 1|x64.Build.0 = Release|x64
		{6485C75D-6601-44A6-B475-1C66BA69B432}.Release 1|x86.ActiveCfg = Release|x86
		{6485C75D-6601-44A6-B475-1C66BA69B432}.Release 1|x86.Build.0 = Release|x86
		{6485C75D-6601-44A6-B475-1C66BA69B432}.Release|Any CPU.ActiveCfg = Release|Any CPU
		{6485C75D-6601-44A6-B475-1C66BA69B432}.Release|Any CPU.Build.0 = Release|Any CPU
		{6485C75D-6601-44A6-B475-1C66BA69B432}.Release|x64.ActiveCfg = Release|x64
		{6485C75D-6601-44A6-B475-1C66BA69B432}.Release|x64.Build.0 = Release|x64
		{6485C75D-6601-44A6-B475-1C66BA69B432}.Release|x86.ActiveCfg = Release|x86
		{6485C75D-6601-44A6-B475-1C66BA69B432}.Release|x86.Build.0 = Release|x86
		{86B8821F-30AA-4933-89D6-43B4B355A98C}.Debug|Any CPU.ActiveCfg = Debug|Any CPU
		{86B8821F-30AA-4933-89D6-43B4B355A98C}.Debug|Any CPU.Build.0 = Debug|Any CPU
		{86B8821F-30AA-4933-89D6-43B4B355A98C}.Debug|x64.ActiveCfg = Debug|Any CPU
		{86B8821F-30AA-4933-89D6-43B4B355A98C}.Debug|x64.Build.0 = Debug|Any CPU
		{86B8821F-30AA-4933-89D6-43B4B355A98C}.Debug|x86.ActiveCfg = Debug|Any CPU
		{86B8821F-30AA-4933-89D6-43B4B355A98C}.Debug|x86.Build.0 = Debug|Any CPU
		{86B8821F-30AA-4933-89D6-43B4B355A98C}.Release 1|Any CPU.ActiveCfg = Release|Any CPU
		{86B8821F-30AA-4933-89D6-43B4B355A98C}.Release 1|Any CPU.Build.0 = Release|Any CPU
		{86B8821F-30AA-4933-89D6-43B4B355A98C}.Release 1|x64.ActiveCfg = Release|Any CPU
		{86B8821F-30AA-4933-89D6-43B4B355A98C}.Release 1|x64.Build.0 = Release|Any CPU
		{86B8821F-30AA-4933-89D6-43B4B355A98C}.Release 1|x86.ActiveCfg = Release|Any CPU
		{86B8821F-30AA-4933-89D6-43B4B355A98C}.Release 1|x86.Build.0 = Release|Any CPU
		{86B8821F-30AA-4933-89D6-43B4B355A98C}.Release|Any CPU.ActiveCfg = Release|Any CPU
		{86B8821F-30AA-4933-89D6-43B4B355A98C}.Release|Any CPU.Build.0 = Release|Any CPU
		{86B8821F-30AA-4933-89D6-43B4B355A98C}.Release|x64.ActiveCfg = Release|Any CPU
		{86B8821F-30AA-4933-89D6-43B4B355A98C}.Release|x64.Build.0 = Release|Any CPU
		{86B8821F-30AA-4933-89D6-43B4B355A98C}.Release|x86.ActiveCfg = Release|Any CPU
		{86B8821F-30AA-4933-89D6-43B4B355A98C}.Release|x86.Build.0 = Release|Any CPU
		{30FEF150-6F1B-4B78-B0CF-287A5517BA8A}.Debug|Any CPU.ActiveCfg = Debug|Any CPU
		{30FEF150-6F1B-4B78-B0CF-287A5517BA8A}.Debug|Any CPU.Build.0 = Debug|Any CPU
		{30FEF150-6F1B-4B78-B0CF-287A5517BA8A}.Debug|x64.ActiveCfg = Debug|Any CPU
		{30FEF150-6F1B-4B78-B0CF-287A5517BA8A}.Debug|x64.Build.0 = Debug|Any CPU
		{30FEF150-6F1B-4B78-B0CF-287A5517BA8A}.Debug|x86.ActiveCfg = Debug|Any CPU
		{30FEF150-6F1B-4B78-B0CF-287A5517BA8A}.Debug|x86.Build.0 = Debug|Any CPU
		{30FEF150-6F1B-4B78-B0CF-287A5517BA8A}.Release 1|Any CPU.ActiveCfg = Release|Any CPU
		{30FEF150-6F1B-4B78-B0CF-287A5517BA8A}.Release 1|Any CPU.Build.0 = Release|Any CPU
		{30FEF150-6F1B-4B78-B0CF-287A5517BA8A}.Release 1|x64.ActiveCfg = Release|Any CPU
		{30FEF150-6F1B-4B78-B0CF-287A5517BA8A}.Release 1|x64.Build.0 = Release|Any CPU
		{30FEF150-6F1B-4B78-B0CF-287A5517BA8A}.Release 1|x86.ActiveCfg = Release|Any CPU
		{30FEF150-6F1B-4B78-B0CF-287A5517BA8A}.Release 1|x86.Build.0 = Release|Any CPU
		{30FEF150-6F1B-4B78-B0CF-287A5517BA8A}.Release|Any CPU.ActiveCfg = Release|Any CPU
		{30FEF150-6F1B-4B78-B0CF-287A5517BA8A}.Release|Any CPU.Build.0 = Release|Any CPU
		{30FEF150-6F1B-4B78-B0CF-287A5517BA8A}.Release|x64.ActiveCfg = Release|Any CPU
		{30FEF150-6F1B-4B78-B0CF-287A5517BA8A}.Release|x64.Build.0 = Release|Any CPU
		{30FEF150-6F1B-4B78-B0CF-287A5517BA8A}.Release|x86.ActiveCfg = Release|Any CPU
		{30FEF150-6F1B-4B78-B0CF-287A5517BA8A}.Release|x86.Build.0 = Release|Any CPU
		{2C5A3C7F-520C-4412-BB51-84975977D41B}.Debug|Any CPU.ActiveCfg = Debug|Any CPU
		{2C5A3C7F-520C-4412-BB51-84975977D41B}.Debug|Any CPU.Build.0 = Debug|Any CPU
		{2C5A3C7F-520C-4412-BB51-84975977D41B}.Debug|x64.ActiveCfg = Debug|Any CPU
		{2C5A3C7F-520C-4412-BB51-84975977D41B}.Debug|x64.Build.0 = Debug|Any CPU
		{2C5A3C7F-520C-4412-BB51-84975977D41B}.Debug|x86.ActiveCfg = Debug|Any CPU
		{2C5A3C7F-520C-4412-BB51-84975977D41B}.Debug|x86.Build.0 = Debug|Any CPU
		{2C5A3C7F-520C-4412-BB51-84975977D41B}.Release 1|Any CPU.ActiveCfg = Release|Any CPU
		{2C5A3C7F-520C-4412-BB51-84975977D41B}.Release 1|Any CPU.Build.0 = Release|Any CPU
		{2C5A3C7F-520C-4412-BB51-84975977D41B}.Release 1|x64.ActiveCfg = Release|Any CPU
		{2C5A3C7F-520C-4412-BB51-84975977D41B}.Release 1|x64.Build.0 = Release|Any CPU
		{2C5A3C7F-520C-4412-BB51-84975977D41B}.Release 1|x86.ActiveCfg = Release|Any CPU
		{2C5A3C7F-520C-4412-BB51-84975977D41B}.Release 1|x86.Build.0 = Release|Any CPU
		{2C5A3C7F-520C-4412-BB51-84975977D41B}.Release|Any CPU.ActiveCfg = Release|Any CPU
		{2C5A3C7F-520C-4412-BB51-84975977D41B}.Release|Any CPU.Build.0 = Release|Any CPU
		{2C5A3C7F-520C-4412-BB51-84975977D41B}.Release|x64.ActiveCfg = Release|Any CPU
		{2C5A3C7F-520C-4412-BB51-84975977D41B}.Release|x64.Build.0 = Release|Any CPU
		{2C5A3C7F-520C-4412-BB51-84975977D41B}.Release|x86.ActiveCfg = Release|Any CPU
		{2C5A3C7F-520C-4412-BB51-84975977D41B}.Release|x86.Build.0 = Release|Any CPU
		{22FD73AD-59C2-4980-B03E-E81304407A68}.Debug|Any CPU.ActiveCfg = Debug|Any CPU
		{22FD73AD-59C2-4980-B03E-E81304407A68}.Debug|Any CPU.Build.0 = Debug|Any CPU
		{22FD73AD-59C2-4980-B03E-E81304407A68}.Debug|x64.ActiveCfg = Debug|Any CPU
		{22FD73AD-59C2-4980-B03E-E81304407A68}.Debug|x64.Build.0 = Debug|Any CPU
		{22FD73AD-59C2-4980-B03E-E81304407A68}.Debug|x86.ActiveCfg = Debug|Any CPU
		{22FD73AD-59C2-4980-B03E-E81304407A68}.Debug|x86.Build.0 = Debug|Any CPU
		{22FD73AD-59C2-4980-B03E-E81304407A68}.Release 1|Any CPU.ActiveCfg = Release|Any CPU
		{22FD73AD-59C2-4980-B03E-E81304407A68}.Release 1|Any CPU.Build.0 = Release|Any CPU
		{22FD73AD-59C2-4980-B03E-E81304407A68}.Release 1|x64.ActiveCfg = Release|Any CPU
		{22FD73AD-59C2-4980-B03E-E81304407A68}.Release 1|x64.Build.0 = Release|Any CPU
		{22FD73AD-59C2-4980-B03E-E81304407A68}.Release 1|x86.ActiveCfg = Release|Any CPU
		{22FD73AD-59C2-4980-B03E-E81304407A68}.Release 1|x86.Build.0 = Release|Any CPU
		{22FD73AD-59C2-4980-B03E-E81304407A68}.Release|Any CPU.ActiveCfg = Release|Any CPU
		{22FD73AD-59C2-4980-B03E-E81304407A68}.Release|Any CPU.Build.0 = Release|Any CPU
		{22FD73AD-59C2-4980-B03E-E81304407A68}.Release|x64.ActiveCfg = Release|Any CPU
		{22FD73AD-59C2-4980-B03E-E81304407A68}.Release|x64.Build.0 = Release|Any CPU
		{22FD73AD-59C2-4980-B03E-E81304407A68}.Release|x86.ActiveCfg = Release|Any CPU
		{22FD73AD-59C2-4980-B03E-E81304407A68}.Release|x86.Build.0 = Release|Any CPU
		{2584A570-0F6B-4F24-A164-D4F9B5AD2593}.Debug|Any CPU.ActiveCfg = Debug|Any CPU
		{2584A570-0F6B-4F24-A164-D4F9B5AD2593}.Debug|Any CPU.Build.0 = Debug|Any CPU
		{2584A570-0F6B-4F24-A164-D4F9B5AD2593}.Debug|x64.ActiveCfg = Debug|Any CPU
		{2584A570-0F6B-4F24-A164-D4F9B5AD2593}.Debug|x64.Build.0 = Debug|Any CPU
		{2584A570-0F6B-4F24-A164-D4F9B5AD2593}.Debug|x86.ActiveCfg = Debug|Any CPU
		{2584A570-0F6B-4F24-A164-D4F9B5AD2593}.Debug|x86.Build.0 = Debug|Any CPU
		{2584A570-0F6B-4F24-A164-D4F9B5AD2593}.Release 1|Any CPU.ActiveCfg = Release|Any CPU
		{2584A570-0F6B-4F24-A164-D4F9B5AD2593}.Release 1|Any CPU.Build.0 = Release|Any CPU
		{2584A570-0F6B-4F24-A164-D4F9B5AD2593}.Release 1|x64.ActiveCfg = Release|Any CPU
		{2584A570-0F6B-4F24-A164-D4F9B5AD2593}.Release 1|x64.Build.0 = Release|Any CPU
		{2584A570-0F6B-4F24-A164-D4F9B5AD2593}.Release 1|x86.ActiveCfg = Release|Any CPU
		{2584A570-0F6B-4F24-A164-D4F9B5AD2593}.Release 1|x86.Build.0 = Release|Any CPU
		{2584A570-0F6B-4F24-A164-D4F9B5AD2593}.Release|Any CPU.ActiveCfg = Release|Any CPU
		{2584A570-0F6B-4F24-A164-D4F9B5AD2593}.Release|Any CPU.Build.0 = Release|Any CPU
		{2584A570-0F6B-4F24-A164-D4F9B5AD2593}.Release|x64.ActiveCfg = Release|Any CPU
		{2584A570-0F6B-4F24-A164-D4F9B5AD2593}.Release|x64.Build.0 = Release|Any CPU
		{2584A570-0F6B-4F24-A164-D4F9B5AD2593}.Release|x86.ActiveCfg = Release|Any CPU
		{2584A570-0F6B-4F24-A164-D4F9B5AD2593}.Release|x86.Build.0 = Release|Any CPU
		{9967645F-BB20-443A-8CB4-B8F5F689015E}.Debug|Any CPU.ActiveCfg = Debug|Any CPU
		{9967645F-BB20-443A-8CB4-B8F5F689015E}.Debug|Any CPU.Build.0 = Debug|Any CPU
		{9967645F-BB20-443A-8CB4-B8F5F689015E}.Debug|x64.ActiveCfg = Debug|Any CPU
		{9967645F-BB20-443A-8CB4-B8F5F689015E}.Debug|x64.Build.0 = Debug|Any CPU
		{9967645F-BB20-443A-8CB4-B8F5F689015E}.Debug|x86.ActiveCfg = Debug|Any CPU
		{9967645F-BB20-443A-8CB4-B8F5F689015E}.Debug|x86.Build.0 = Debug|Any CPU
		{9967645F-BB20-443A-8CB4-B8F5F689015E}.Release 1|Any CPU.ActiveCfg = Release|Any CPU
		{9967645F-BB20-443A-8CB4-B8F5F689015E}.Release 1|Any CPU.Build.0 = Release|Any CPU
		{9967645F-BB20-443A-8CB4-B8F5F689015E}.Release 1|x64.ActiveCfg = Release|Any CPU
		{9967645F-BB20-443A-8CB4-B8F5F689015E}.Release 1|x64.Build.0 = Release|Any CPU
		{9967645F-BB20-443A-8CB4-B8F5F689015E}.Release 1|x86.ActiveCfg = Release|Any CPU
		{9967645F-BB20-443A-8CB4-B8F5F689015E}.Release 1|x86.Build.0 = Release|Any CPU
		{9967645F-BB20-443A-8CB4-B8F5F689015E}.Release|Any CPU.ActiveCfg = Release|Any CPU
		{9967645F-BB20-443A-8CB4-B8F5F689015E}.Release|Any CPU.Build.0 = Release|Any CPU
		{9967645F-BB20-443A-8CB4-B8F5F689015E}.Release|x64.ActiveCfg = Release|Any CPU
		{9967645F-BB20-443A-8CB4-B8F5F689015E}.Release|x64.Build.0 = Release|Any CPU
		{9967645F-BB20-443A-8CB4-B8F5F689015E}.Release|x86.ActiveCfg = Release|Any CPU
		{9967645F-BB20-443A-8CB4-B8F5F689015E}.Release|x86.Build.0 = Release|Any CPU
		{7CADF053-FEC5-4349-9F5D-707EB39821CA}.Debug|Any CPU.ActiveCfg = Debug|Any CPU
		{7CADF053-FEC5-4349-9F5D-707EB39821CA}.Debug|Any CPU.Build.0 = Debug|Any CPU
		{7CADF053-FEC5-4349-9F5D-707EB39821CA}.Debug|x64.ActiveCfg = Debug|Any CPU
		{7CADF053-FEC5-4349-9F5D-707EB39821CA}.Debug|x64.Build.0 = Debug|Any CPU
		{7CADF053-FEC5-4349-9F5D-707EB39821CA}.Debug|x86.ActiveCfg = Debug|Any CPU
		{7CADF053-FEC5-4349-9F5D-707EB39821CA}.Debug|x86.Build.0 = Debug|Any CPU
		{7CADF053-FEC5-4349-9F5D-707EB39821CA}.Release 1|Any CPU.ActiveCfg = Release|Any CPU
		{7CADF053-FEC5-4349-9F5D-707EB39821CA}.Release 1|Any CPU.Build.0 = Release|Any CPU
		{7CADF053-FEC5-4349-9F5D-707EB39821CA}.Release 1|x64.ActiveCfg = Release|Any CPU
		{7CADF053-FEC5-4349-9F5D-707EB39821CA}.Release 1|x64.Build.0 = Release|Any CPU
		{7CADF053-FEC5-4349-9F5D-707EB39821CA}.Release 1|x86.ActiveCfg = Release|Any CPU
		{7CADF053-FEC5-4349-9F5D-707EB39821CA}.Release 1|x86.Build.0 = Release|Any CPU
		{7CADF053-FEC5-4349-9F5D-707EB39821CA}.Release|Any CPU.ActiveCfg = Release|Any CPU
		{7CADF053-FEC5-4349-9F5D-707EB39821CA}.Release|Any CPU.Build.0 = Release|Any CPU
		{7CADF053-FEC5-4349-9F5D-707EB39821CA}.Release|x64.ActiveCfg = Release|Any CPU
		{7CADF053-FEC5-4349-9F5D-707EB39821CA}.Release|x64.Build.0 = Release|Any CPU
		{7CADF053-FEC5-4349-9F5D-707EB39821CA}.Release|x86.ActiveCfg = Release|Any CPU
		{7CADF053-FEC5-4349-9F5D-707EB39821CA}.Release|x86.Build.0 = Release|Any CPU
		{242CA1BA-0BD8-4C05-BDB7-686BE426BE54}.Debug|Any CPU.ActiveCfg = Debug|Any CPU
		{242CA1BA-0BD8-4C05-BDB7-686BE426BE54}.Debug|Any CPU.Build.0 = Debug|Any CPU
		{242CA1BA-0BD8-4C05-BDB7-686BE426BE54}.Debug|x64.ActiveCfg = Debug|Any CPU
		{242CA1BA-0BD8-4C05-BDB7-686BE426BE54}.Debug|x64.Build.0 = Debug|Any CPU
		{242CA1BA-0BD8-4C05-BDB7-686BE426BE54}.Debug|x86.ActiveCfg = Debug|Any CPU
		{242CA1BA-0BD8-4C05-BDB7-686BE426BE54}.Debug|x86.Build.0 = Debug|Any CPU
		{242CA1BA-0BD8-4C05-BDB7-686BE426BE54}.Release 1|Any CPU.ActiveCfg = Release|Any CPU
		{242CA1BA-0BD8-4C05-BDB7-686BE426BE54}.Release 1|Any CPU.Build.0 = Release|Any CPU
		{242CA1BA-0BD8-4C05-BDB7-686BE426BE54}.Release 1|x64.ActiveCfg = Release|Any CPU
		{242CA1BA-0BD8-4C05-BDB7-686BE426BE54}.Release 1|x64.Build.0 = Release|Any CPU
		{242CA1BA-0BD8-4C05-BDB7-686BE426BE54}.Release 1|x86.ActiveCfg = Release|Any CPU
		{242CA1BA-0BD8-4C05-BDB7-686BE426BE54}.Release 1|x86.Build.0 = Release|Any CPU
		{242CA1BA-0BD8-4C05-BDB7-686BE426BE54}.Release|Any CPU.ActiveCfg = Release|Any CPU
		{242CA1BA-0BD8-4C05-BDB7-686BE426BE54}.Release|Any CPU.Build.0 = Release|Any CPU
		{242CA1BA-0BD8-4C05-BDB7-686BE426BE54}.Release|x64.ActiveCfg = Release|Any CPU
		{242CA1BA-0BD8-4C05-BDB7-686BE426BE54}.Release|x64.Build.0 = Release|Any CPU
		{242CA1BA-0BD8-4C05-BDB7-686BE426BE54}.Release|x86.ActiveCfg = Release|Any CPU
		{242CA1BA-0BD8-4C05-BDB7-686BE426BE54}.Release|x86.Build.0 = Release|Any CPU
		{E08E4312-E748-4D68-BB36-9392FB8CD44C}.Debug|Any CPU.ActiveCfg = Debug
		{E08E4312-E748-4D68-BB36-9392FB8CD44C}.Debug|x64.ActiveCfg = Debug
		{E08E4312-E748-4D68-BB36-9392FB8CD44C}.Debug|x86.ActiveCfg = Debug
		{E08E4312-E748-4D68-BB36-9392FB8CD44C}.Release 1|Any CPU.ActiveCfg = Release
		{E08E4312-E748-4D68-BB36-9392FB8CD44C}.Release 1|x64.ActiveCfg = Release
		{E08E4312-E748-4D68-BB36-9392FB8CD44C}.Release 1|x86.ActiveCfg = Release
		{E08E4312-E748-4D68-BB36-9392FB8CD44C}.Release|Any CPU.ActiveCfg = Release
		{E08E4312-E748-4D68-BB36-9392FB8CD44C}.Release|x64.ActiveCfg = Release
		{E08E4312-E748-4D68-BB36-9392FB8CD44C}.Release|x86.ActiveCfg = Release
		{925A49DF-C7B4-478E-B544-DC4900C98902}.Debug|Any CPU.ActiveCfg = Debug
		{925A49DF-C7B4-478E-B544-DC4900C98902}.Debug|x64.ActiveCfg = Debug
		{925A49DF-C7B4-478E-B544-DC4900C98902}.Debug|x86.ActiveCfg = Debug
		{925A49DF-C7B4-478E-B544-DC4900C98902}.Release 1|Any CPU.ActiveCfg = Release
		{925A49DF-C7B4-478E-B544-DC4900C98902}.Release 1|x64.ActiveCfg = Release
		{925A49DF-C7B4-478E-B544-DC4900C98902}.Release 1|x86.ActiveCfg = Release
		{925A49DF-C7B4-478E-B544-DC4900C98902}.Release|Any CPU.ActiveCfg = Release
		{925A49DF-C7B4-478E-B544-DC4900C98902}.Release|x64.ActiveCfg = Release
		{925A49DF-C7B4-478E-B544-DC4900C98902}.Release|x86.ActiveCfg = Release
		{55A8510C-FEB7-4700-B0F1-AD30B2EC4182}.Debug|Any CPU.ActiveCfg = Debug
		{55A8510C-FEB7-4700-B0F1-AD30B2EC4182}.Debug|x64.ActiveCfg = Debug
		{55A8510C-FEB7-4700-B0F1-AD30B2EC4182}.Debug|x86.ActiveCfg = Debug
		{55A8510C-FEB7-4700-B0F1-AD30B2EC4182}.Release 1|Any CPU.ActiveCfg = Release
		{55A8510C-FEB7-4700-B0F1-AD30B2EC4182}.Release 1|x64.ActiveCfg = Release
		{55A8510C-FEB7-4700-B0F1-AD30B2EC4182}.Release 1|x86.ActiveCfg = Release
		{55A8510C-FEB7-4700-B0F1-AD30B2EC4182}.Release|Any CPU.ActiveCfg = Release
		{55A8510C-FEB7-4700-B0F1-AD30B2EC4182}.Release|x64.ActiveCfg = Release
		{55A8510C-FEB7-4700-B0F1-AD30B2EC4182}.Release|x86.ActiveCfg = Release
	EndGlobalSection
	GlobalSection(SolutionProperties) = preSolution
		HideSolutionNode = FALSE
	EndGlobalSection
EndGlobal
