Microsoft Visual Studio Solution File, Format Version 12.00
# Visual Studio 14
VisualStudioVersion = 14.0.25420.1
MinimumVisualStudioVersion = 10.0.40219.1
Project("{F184B08F-C81C-45F6-A57F-5ABD9991F28F}") = "AAS203", "AAS203\AAS203.vbproj", "{6485C75D-6601-44A6-B475-1C66BA69B432}"
EndProject
Project("{F184B08F-C81C-45F6-A57F-5ABD9991F28F}") = "IQOQPQ", "IQOQPQ\IQOQPQ.vbproj", "{86B8821F-30AA-4933-89D6-43B4B355A98C}"
EndProject
Project("{F184B08F-C81C-45F6-A57F-5ABD9991F28F}") = "GridLayoutPanel", "GridLayoutPanel\GridLayoutPanel.vbproj", "{30FEF150-6F1B-4B78-B0CF-287A5517BA8A}"
EndProject
Project("{F184B08F-C81C-45F6-A57F-5ABD9991F28F}") = "ValueEditor", "ValueEditor\ValueEditor.vbproj", "{2C5A3C7F-520C-4412-BB51-84975977D41B}"
EndProject
Project("{F184B08F-C81C-45F6-A57F-5ABD9991F28F}") = "MessageHandler", "MessageHandler\MessageHandler.vbproj", "{22FD73AD-59C2-4980-B03E-E81304407A68}"
EndProject
Project("{F184B08F-C81C-45F6-A57F-5ABD9991F28F}") = "RS232SerialComm", "RS232SerialComm\RS232SerialComm.vbproj", "{2584A570-0F6B-4F24-A164-D4F9B5AD2593}"
EndProject
Project("{F184B08F-C81C-45F6-A57F-5ABD9991F28F}") = "AAS203Library", "AAS203Library\AAS203Library.vbproj", "{9967645F-BB20-443A-8CB4-B8F5F689015E}"
EndProject
Project("{FAE04EC0-301F-11D3-BF4B-00C04F79EFBC}") = "AldysGraph", "AldysGraph\AldysGraph.csproj", "{7CADF053-FEC5-4349-9F5D-707EB39821CA}"
EndProject
Project("{F184B08F-C81C-45F6-A57F-5ABD9991F28F}") = "NumberValidator", "NumberValidator\NumberValidator.vbproj", "{242CA1BA-0BD8-4C05-BDB7-686BE426BE54}"
EndProject
Project("{2150E333-8FDC-42A3-9474-1A3956D46DE8}") = "Solution Items", "Solution Items", "{D924015C-DFC9-48BF-8D16-BA71D4922657}"
	ProjectSection(SolutionItems) = preProject
		Icon1.ico = Icon1.ico
	EndProjectSection
EndProject
Project("{54435603-DBB4-11D2-8724-00A0C9A8B90C}") = "AAS004", "AAS004\AAS004.vdproj", "{DBD25978-944F-4A0F-A023-358998F07DAE}"
EndProject
Project("{54435603-DBB4-11D2-8724-00A0C9A8B90C}") = "AAS005", "AAS005\AAS005.vdproj", "{05F844D3-5440-47EC-AA64-2306CA198557}"
EndProject
Project("{54435603-DBB4-11D2-8724-00A0C9A8B90C}") = "AAS006", "AAS006\AAS006.vdproj", "{548E4190-0804-470E-B250-B67D387787B1}"
EndProject
Project("{54435603-DBB4-11D2-8724-00A0C9A8B90C}") = "AAS007", "..\SETUP_Files\AAS007\AAS007.vdproj", "{AFB163DE-CBCC-4927-B7C6-DE6B0BB1B068}"
EndProject
Project("{54435603-DBB4-11D2-8724-00A0C9A8B90C}") = "AAS008", "..\SETUP_Files\AAS008\AAS008.vdproj", "{9DCB9B8F-4645-43F9-BBCE-018EA4A343BD}"
EndProject
Project("{54435603-DBB4-11D2-8724-00A0C9A8B90C}") = "AAS009", "..\SETUP_Files\AAS009\AAS009.vdproj", "{BCC6C7F7-9619-490D-BF41-F67FE5FE00BB}"
EndProject
Project("{54435603-DBB4-11D2-8724-00A0C9A8B90C}") = "AAS010", "..\SETUP_Files\AAS010\AAS010.vdproj", "{C6B33725-2F92-43E2-8CB3-4390D93E28DF}"
EndProject
Project("{54435603-DBB4-11D2-8724-00A0C9A8B90C}") = "AAS011", "AAS011\AAS011.vdproj", "{508D0950-C58F-4494-8988-4D3F014ED5A2}"
EndProject
Project("{54435603-DBB4-11D2-8724-00A0C9A8B90C}") = "AAS012", "..\SETUP_Files\AAS012\AAS012.vdproj", "{D63867B0-E07C-49CD-9FC2-C5851E08F4C1}"
EndProject
Project("{54435603-DBB4-11D2-8724-00A0C9A8B90C}") = "AAS013", "..\SETUP_Files\AAS013\AAS013.vdproj", "{39AC109F-3460-4975-B70A-B3263A6FCEAB}"
EndProject
Project("{54435603-DBB4-11D2-8724-00A0C9A8B90C}") = "AAS014", "..\SETUP_Files\AAS014\AAS014.vdproj", "{14B76620-80A1-44EF-A9E8-05CCDE54D51E}"
EndProject
Project("{54435603-DBB4-11D2-8724-00A0C9A8B90C}") = "AAS016", "AAS016\AAS016.vdproj", "{340D57B0-8F2C-4FDC-A2DD-016428966210}"
EndProject
Project("{54435603-DBB4-11D2-8724-00A0C9A8B90C}") = "AAS018", "..\Setup_File\AAS018\AAS018.vdproj", "{EEF118D8-1906-48F3-B993-6EBB55CD6E8C}"
EndProject
Project("{54435603-DBB4-11D2-8724-00A0C9A8B90C}") = "Setup3", "Setup3\Setup3.vdproj", "{B5B8D6FC-FF9C-424D-9602-57180CCE15B2}"
EndProject
Project("{54435603-DBB4-11D2-8724-00A0C9A8B90C}") = "AASSetup", "..\AASSetup\AASSetup.vdproj", "{53C440A8-3FBA-4BCB-B797-F027B2FAB4E7}"
EndProject
Project("{54435603-DBB4-11D2-8724-00A0C9A8B90C}") = "AASFullSetup", "AASFullSetup\AASFullSetup.vdproj", "{1991E976-701E-48A0-9D70-B4C668EE2333}"
EndProject
Project("{54435603-DBB4-11D2-8724-00A0C9A8B90C}") = "AASFull", "..\..\..\..\Desktop\AASFull\AASFull.vdproj", "{C61F2151-30FB-42A5-9B76-F43855A048DC}"
EndProject
Project("{54435603-DBB4-11D2-8724-00A0C9A8B90C}") = "AASFullVersion", "..\..\..\..\Desktop\AASFullVersion\AASFullVersion.vdproj", "{B8F961C3-AA35-45D7-9817-913640CFF9E4}"
EndProject
Project("{54435603-DBB4-11D2-8724-00A0C9A8B90C}") = "AAS203Full", "AAS203Full\AAS203Full.vdproj", "{A72B15C0-60CE-4BA4-BC3A-EE1884418512}"
EndProject
Project("{54435603-DBB4-11D2-8724-00A0C9A8B90C}") = "AASFULLSETUPShortcut", "AASFULLSETUPShortcut\AASFULLSETUPShortcut.vdproj", "{49DACC79-53A9-411B-85FA-8CACAAFF05F7}"
EndProject
Project("{54435603-DBB4-11D2-8724-00A0C9A8B90C}") = "AASShortcut", "AASShortcut\AASShortcut.vdproj", "{280560ED-5F8A-4876-81BD-14C7CCEBF23A}"
EndProject
Project("{54435603-DBB4-11D2-8724-00A0C9A8B90C}") = "AASFinal", "AASFinal\AASFinal.vdproj", "{3FF96418-15D3-4B44-BD8A-E53EE5C6DA93}"
EndProject
Global
	GlobalSection(SolutionConfigurationPlatforms) = preSolution
		Debug|Any CPU = Debug|Any CPU
		Debug|x64 = Debug|x64
		Debug|x86 = Debug|x86
		Release 1|Any CPU = Release 1|Any CPU
		Release 1|x64 = Release 1|x64
		Release 1|x86 = Release 1|x86
		Release|Any CPU = Release|Any CPU
		Release|x64 = Release|x64
		Release|x86 = Release|x86
	EndGlobalSection
	GlobalSection(ProjectConfigurationPlatforms) = postSolution
		{6485C75D-6601-44A6-B475-1C66BA69B432}.Debug|Any CPU.ActiveCfg = Debug|Any CPU
		{6485C75D-6601-44A6-B475-1C66BA69B432}.Debug|Any CPU.Build.0 = Debug|Any CPU
		{6485C75D-6601-44A6-B475-1C66BA69B432}.Debug|x64.ActiveCfg = Debug|x64
		{6485C75D-6601-44A6-B475-1C66BA69B432}.Debug|x64.Build.0 = Debug|x64
		{6485C75D-6601-44A6-B475-1C66BA69B432}.Debug|x86.ActiveCfg = Debug|x86
		{6485C75D-6601-44A6-B475-1C66BA69B432}.Debug|x86.Build.0 = Debug|x86
		{6485C75D-6601-44A6-B475-1C66BA69B432}.Release 1|Any CPU.ActiveCfg = Release|Any CPU
		{6485C75D-6601-44A6-B475-1C66BA69B432}.Release 1|Any CPU.Build.0 = Release|Any CPU
		{6485C75D-6601-44A6-B475-1C66BA69B432}.Release 1|x64.ActiveCfg = Release|x64
		{6485C75D-6601-44A6-B475-1C66BA69B432}.Release 1|x64.Build.0 = Release|x64
		{6485C75D-6601-44A6-B475-1C66BA69B432}.Release 1|x86.ActiveCfg = Release|x86
		{6485C75D-6601-44A6-B475-1C66BA69B432}.Release 1|x86.Build.0 = Release|x86
		{6485C75D-6601-44A6-B475-1C66BA69B432}.Release|Any CPU.ActiveCfg = Release|Any CPU
		{6485C75D-6601-44A6-B475-1C66BA69B432}.Release|Any CPU.Build.0 = Release|Any CPU
		{6485C75D-6601-44A6-B475-1C66BA69B432}.Release|x64.ActiveCfg = Release|x64
		{6485C75D-6601-44A6-B475-1C66BA69B432}.Release|x64.Build.0 = Release|x64
		{6485C75D-6601-44A6-B475-1C66BA69B432}.Release|x86.ActiveCfg = Release|x86
		{6485C75D-6601-44A6-B475-1C66BA69B432}.Release|x86.Build.0 = Release|x86
		{86B8821F-30AA-4933-89D6-43B4B355A98C}.Debug|Any CPU.ActiveCfg = Debug|Any CPU
		{86B8821F-30AA-4933-89D6-43B4B355A98C}.Debug|Any CPU.Build.0 = Debug|Any CPU
		{86B8821F-30AA-4933-89D6-43B4B355A98C}.Debug|x64.ActiveCfg = Debug|Any CPU
		{86B8821F-30AA-4933-89D6-43B4B355A98C}.Debug|x64.Build.0 = Debug|Any CPU
		{86B8821F-30AA-4933-89D6-43B4B355A98C}.Debug|x86.ActiveCfg = Debug|Any CPU
		{86B8821F-30AA-4933-89D6-43B4B355A98C}.Debug|x86.Build.0 = Debug|Any CPU
		{86B8821F-30AA-4933-89D6-43B4B355A98C}.Release 1|Any CPU.ActiveCfg = Release|Any CPU
		{86B8821F-30AA-4933-89D6-43B4B355A98C}.Release 1|Any CPU.Build.0 = Release|Any CPU
		{86B8821F-30AA-4933-89D6-43B4B355A98C}.Release 1|x64.ActiveCfg = Release|Any CPU
		{86B8821F-30AA-4933-89D6-43B4B355A98C}.Release 1|x64.Build.0 = Release|Any CPU
		{86B8821F-30AA-4933-89D6-43B4B355A98C}.Release 1|x86.ActiveCfg = Release|Any CPU
		{86B8821F-30AA-4933-89D6-43B4B355A98C}.Release 1|x86.Build.0 = Release|Any CPU
		{86B8821F-30AA-4933-89D6-43B4B355A98C}.Release|Any CPU.ActiveCfg = Release|Any CPU
		{86B8821F-30AA-4933-89D6-43B4B355A98C}.Release|Any CPU.Build.0 = Release|Any CPU
		{86B8821F-30AA-4933-89D6-43B4B355A98C}.Release|x64.ActiveCfg = Release|Any CPU
		{86B8821F-30AA-4933-89D6-43B4B355A98C}.Release|x64.Build.0 = Release|Any CPU
		{86B8821F-30AA-4933-89D6-43B4B355A98C}.Release|x86.ActiveCfg = Release|Any CPU
		{86B8821F-30AA-4933-89D6-43B4B355A98C}.Release|x86.Build.0 = Release|Any CPU
		{30FEF150-6F1B-4B78-B0CF-287A5517BA8A}.Debug|Any CPU.ActiveCfg = Debug|Any CPU
		{30FEF150-6F1B-4B78-B0CF-287A5517BA8A}.Debug|Any CPU.Build.0 = Debug|Any CPU
		{30FEF150-6F1B-4B78-B0CF-287A5517BA8A}.Debug|x64.ActiveCfg = Debug|Any CPU
		{30FEF150-6F1B-4B78-B0CF-287A5517BA8A}.Debug|x64.Build.0 = Debug|Any CPU
		{30FEF150-6F1B-4B78-B0CF-287A5517BA8A}.Debug|x86.ActiveCfg = Debug|Any CPU
		{30FEF150-6F1B-4B78-B0CF-287A5517BA8A}.Debug|x86.Build.0 = Debug|Any CPU
		{30FEF150-6F1B-4B78-B0CF-287A5517BA8A}.Release 1|Any CPU.ActiveCfg = Release|Any CPU
		{30FEF150-6F1B-4B78-B0CF-287A5517BA8A}.Release 1|Any CPU.Build.0 = Release|Any CPU
		{30FEF150-6F1B-4B78-B0CF-287A5517BA8A}.Release 1|x64.ActiveCfg = Release|Any CPU
		{30FEF150-6F1B-4B78-B0CF-287A5517BA8A}.Release 1|x64.Build.0 = Release|Any CPU
		{30FEF150-6F1B-4B78-B0CF-287A5517BA8A}.Release 1|x86.ActiveCfg = Release|Any CPU
		{30FEF150-6F1B-4B78-B0CF-287A5517BA8A}.Release 1|x86.Build.0 = Release|Any CPU
		{30FEF150-6F1B-4B78-B0CF-287A5517BA8A}.Release|Any CPU.ActiveCfg = Release|Any CPU
		{30FEF150-6F1B-4B78-B0CF-287A5517BA8A}.Release|Any CPU.Build.0 = Release|Any CPU
		{30FEF150-6F1B-4B78-B0CF-287A5517BA8A}.Release|x64.ActiveCfg = Release|Any CPU
		{30FEF150-6F1B-4B78-B0CF-287A5517BA8A}.Release|x64.Build.0 = Release|Any CPU
		{30FEF150-6F1B-4B78-B0CF-287A5517BA8A}.Release|x86.ActiveCfg = Release|Any CPU
		{30FEF150-6F1B-4B78-B0CF-287A5517BA8A}.Release|x86.Build.0 = Release|Any CPU
		{2C5A3C7F-520C-4412-BB51-84975977D41B}.Debug|Any CPU.ActiveCfg = Debug|Any CPU
		{2C5A3C7F-520C-4412-BB51-84975977D41B}.Debug|Any CPU.Build.0 = Debug|Any CPU
		{2C5A3C7F-520C-4412-BB51-84975977D41B}.Debug|x64.ActiveCfg = Debug|Any CPU
		{2C5A3C7F-520C-4412-BB51-84975977D41B}.Debug|x64.Build.0 = Debug|Any CPU
		{2C5A3C7F-520C-4412-BB51-84975977D41B}.Debug|x86.ActiveCfg = Debug|Any CPU
		{2C5A3C7F-520C-4412-BB51-84975977D41B}.Debug|x86.Build.0 = Debug|Any CPU
		{2C5A3C7F-520C-4412-BB51-84975977D41B}.Release 1|Any CPU.ActiveCfg = Release|Any CPU
		{2C5A3C7F-520C-4412-BB51-84975977D41B}.Release 1|Any CPU.Build.0 = Release|Any CPU
		{2C5A3C7F-520C-4412-BB51-84975977D41B}.Release 1|x64.ActiveCfg = Release|Any CPU
		{2C5A3C7F-520C-4412-BB51-84975977D41B}.Release 1|x64.Build.0 = Release|Any CPU
		{2C5A3C7F-520C-4412-BB51-84975977D41B}.Release 1|x86.ActiveCfg = Release|Any CPU
		{2C5A3C7F-520C-4412-BB51-84975977D41B}.Release 1|x86.Build.0 = Release|Any CPU
		{2C5A3C7F-520C-4412-BB51-84975977D41B}.Release|Any CPU.ActiveCfg = Release|Any CPU
		{2C5A3C7F-520C-4412-BB51-84975977D41B}.Release|Any CPU.Build.0 = Release|Any CPU
		{2C5A3C7F-520C-4412-BB51-84975977D41B}.Release|x64.ActiveCfg = Release|Any CPU
		{2C5A3C7F-520C-4412-BB51-84975977D41B}.Release|x64.Build.0 = Release|Any CPU
		{2C5A3C7F-520C-4412-BB51-84975977D41B}.Release|x86.ActiveCfg = Release|Any CPU
		{2C5A3C7F-520C-4412-BB51-84975977D41B}.Release|x86.Build.0 = Release|Any CPU
		{22FD73AD-59C2-4980-B03E-E81304407A68}.Debug|Any CPU.ActiveCfg = Debug|Any CPU
		{22FD73AD-59C2-4980-B03E-E81304407A68}.Debug|Any CPU.Build.0 = Debug|Any CPU
		{22FD73AD-59C2-4980-B03E-E81304407A68}.Debug|x64.ActiveCfg = Debug|Any CPU
		{22FD73AD-59C2-4980-B03E-E81304407A68}.Debug|x64.Build.0 = Debug|Any CPU
		{22FD73AD-59C2-4980-B03E-E81304407A68}.Debug|x86.ActiveCfg = Debug|Any CPU
		{22FD73AD-59C2-4980-B03E-E81304407A68}.Debug|x86.Build.0 = Debug|Any CPU
		{22FD73AD-59C2-4980-B03E-E81304407A68}.Release 1|Any CPU.ActiveCfg = Release|Any CPU
		{22FD73AD-59C2-4980-B03E-E81304407A68}.Release 1|Any CPU.Build.0 = Release|Any CPU
		{22FD73AD-59C2-4980-B03E-E81304407A68}.Release 1|x64.ActiveCfg = Release|Any CPU
		{22FD73AD-59C2-4980-B03E-E81304407A68}.Release 1|x64.Build.0 = Release|Any CPU
		{22FD73AD-59C2-4980-B03E-E81304407A68}.Release 1|x86.ActiveCfg = Release|Any CPU
		{22FD73AD-59C2-4980-B03E-E81304407A68}.Release 1|x86.Build.0 = Release|Any CPU
		{22FD73AD-59C2-4980-B03E-E81304407A68}.Release|Any CPU.ActiveCfg = Release|Any CPU
		{22FD73AD-59C2-4980-B03E-E81304407A68}.Release|Any CPU.Build.0 = Release|Any CPU
		{22FD73AD-59C2-4980-B03E-E81304407A68}.Release|x64.ActiveCfg = Release|Any CPU
		{22FD73AD-59C2-4980-B03E-E81304407A68}.Release|x64.Build.0 = Release|Any CPU
		{22FD73AD-59C2-4980-B03E-E81304407A68}.Release|x86.ActiveCfg = Release|Any CPU
		{22FD73AD-59C2-4980-B03E-E81304407A68}.Release|x86.Build.0 = Release|Any CPU
		{2584A570-0F6B-4F24-A164-D4F9B5AD2593}.Debug|Any CPU.ActiveCfg = Debug|Any CPU
		{2584A570-0F6B-4F24-A164-D4F9B5AD2593}.Debug|Any CPU.Build.0 = Debug|Any CPU
		{2584A570-0F6B-4F24-A164-D4F9B5AD2593}.Debug|x64.ActiveCfg = Debug|Any CPU
		{2584A570-0F6B-4F24-A164-D4F9B5AD2593}.Debug|x64.Build.0 = Debug|Any CPU
		{2584A570-0F6B-4F24-A164-D4F9B5AD2593}.Debug|x86.ActiveCfg = Debug|Any CPU
		{2584A570-0F6B-4F24-A164-D4F9B5AD2593}.Debug|x86.Build.0 = Debug|Any CPU
		{2584A570-0F6B-4F24-A164-D4F9B5AD2593}.Release 1|Any CPU.ActiveCfg = Release|Any CPU
		{2584A570-0F6B-4F24-A164-D4F9B5AD2593}.Release 1|Any CPU.Build.0 = Release|Any CPU
		{2584A570-0F6B-4F24-A164-D4F9B5AD2593}.Release 1|x64.ActiveCfg = Release|Any CPU
		{2584A570-0F6B-4F24-A164-D4F9B5AD2593}.Release 1|x64.Build.0 = Release|Any CPU
		{2584A570-0F6B-4F24-A164-D4F9B5AD2593}.Release 1|x86.ActiveCfg = Release|Any CPU
		{2584A570-0F6B-4F24-A164-D4F9B5AD2593}.Release 1|x86.Build.0 = Release|Any CPU
		{2584A570-0F6B-4F24-A164-D4F9B5AD2593}.Release|Any CPU.ActiveCfg = Release|Any CPU
		{2584A570-0F6B-4F24-A164-D4F9B5AD2593}.Release|Any CPU.Build.0 = Release|Any CPU
		{2584A570-0F6B-4F24-A164-D4F9B5AD2593}.Release|x64.ActiveCfg = Release|Any CPU
		{2584A570-0F6B-4F24-A164-D4F9B5AD2593}.Release|x64.Build.0 = Release|Any CPU
		{2584A570-0F6B-4F24-A164-D4F9B5AD2593}.Release|x86.ActiveCfg = Release|Any CPU
		{2584A570-0F6B-4F24-A164-D4F9B5AD2593}.Release|x86.Build.0 = Release|Any CPU
		{9967645F-BB20-443A-8CB4-B8F5F689015E}.Debug|Any CPU.ActiveCfg = Debug|Any CPU
		{9967645F-BB20-443A-8CB4-B8F5F689015E}.Debug|Any CPU.Build.0 = Debug|Any CPU
		{9967645F-BB20-443A-8CB4-B8F5F689015E}.Debug|x64.ActiveCfg = Debug|Any CPU
		{9967645F-BB20-443A-8CB4-B8F5F689015E}.Debug|x64.Build.0 = Debug|Any CPU
		{9967645F-BB20-443A-8CB4-B8F5F689015E}.Debug|x86.ActiveCfg = Debug|Any CPU
		{9967645F-BB20-443A-8CB4-B8F5F689015E}.Debug|x86.Build.0 = Debug|Any CPU
		{9967645F-BB20-443A-8CB4-B8F5F689015E}.Release 1|Any CPU.ActiveCfg = Release|Any CPU
		{9967645F-BB20-443A-8CB4-B8F5F689015E}.Release 1|Any CPU.Build.0 = Release|Any CPU
		{9967645F-BB20-443A-8CB4-B8F5F689015E}.Release 1|x64.ActiveCfg = Release|Any CPU
		{9967645F-BB20-443A-8CB4-B8F5F689015E}.Release 1|x64.Build.0 = Release|Any CPU
		{9967645F-BB20-443A-8CB4-B8F5F689015E}.Release 1|x86.ActiveCfg = Release|Any CPU
		{9967645F-BB20-443A-8CB4-B8F5F689015E}.Release 1|x86.Build.0 = Release|Any CPU
		{9967645F-BB20-443A-8CB4-B8F5F689015E}.Release|Any CPU.ActiveCfg = Release|Any CPU
		{9967645F-BB20-443A-8CB4-B8F5F689015E}.Release|Any CPU.Build.0 = Release|Any CPU
		{9967645F-BB20-443A-8CB4-B8F5F689015E}.Release|x64.ActiveCfg = Release|Any CPU
		{9967645F-BB20-443A-8CB4-B8F5F689015E}.Release|x64.Build.0 = Release|Any CPU
		{9967645F-BB20-443A-8CB4-B8F5F689015E}.Release|x86.ActiveCfg = Release|Any CPU
		{9967645F-BB20-443A-8CB4-B8F5F689015E}.Release|x86.Build.0 = Release|Any CPU
		{7CADF053-FEC5-4349-9F5D-707EB39821CA}.Debug|Any CPU.ActiveCfg = Debug|Any CPU
		{7CADF053-FEC5-4349-9F5D-707EB39821CA}.Debug|Any CPU.Build.0 = Debug|Any CPU
		{7CADF053-FEC5-4349-9F5D-707EB39821CA}.Debug|x64.ActiveCfg = Debug|Any CPU
		{7CADF053-FEC5-4349-9F5D-707EB39821CA}.Debug|x64.Build.0 = Debug|Any CPU
		{7CADF053-FEC5-4349-9F5D-707EB39821CA}.Debug|x86.ActiveCfg = Debug|Any CPU
		{7CADF053-FEC5-4349-9F5D-707EB39821CA}.Debug|x86.Build.0 = Debug|Any CPU
		{7CADF053-FEC5-4349-9F5D-707EB39821CA}.Release 1|Any CPU.ActiveCfg = Release|Any CPU
		{7CADF053-FEC5-4349-9F5D-707EB39821CA}.Release 1|Any CPU.Build.0 = Release|Any CPU
		{7CADF053-FEC5-4349-9F5D-707EB39821CA}.Release 1|x64.ActiveCfg = Release|Any CPU
		{7CADF053-FEC5-4349-9F5D-707EB39821CA}.Release 1|x64.Build.0 = Release|Any CPU
		{7CADF053-FEC5-4349-9F5D-707EB39821CA}.Release 1|x86.ActiveCfg = Release|Any CPU
		{7CADF053-FEC5-4349-9F5D-707EB39821CA}.Release 1|x86.Build.0 = Release|Any CPU
		{7CADF053-FEC5-4349-9F5D-707EB39821CA}.Release|Any CPU.ActiveCfg = Release|Any CPU
		{7CADF053-FEC5-4349-9F5D-707EB39821CA}.Release|Any CPU.Build.0 = Release|Any CPU
		{7CADF053-FEC5-4349-9F5D-707EB39821CA}.Release|x64.ActiveCfg = Release|Any CPU
		{7CADF053-FEC5-4349-9F5D-707EB39821CA}.Release|x64.Build.0 = Release|Any CPU
		{7CADF053-FEC5-4349-9F5D-707EB39821CA}.Release|x86.ActiveCfg = Release|Any CPU
		{7CADF053-FEC5-4349-9F5D-707EB39821CA}.Release|x86.Build.0 = Release|Any CPU
		{242CA1BA-0BD8-4C05-BDB7-686BE426BE54}.Debug|Any CPU.ActiveCfg = Debug|Any CPU
		{242CA1BA-0BD8-4C05-BDB7-686BE426BE54}.Debug|Any CPU.Build.0 = Debug|Any CPU
		{242CA1BA-0BD8-4C05-BDB7-686BE426BE54}.Debug|x64.ActiveCfg = Debug|Any CPU
		{242CA1BA-0BD8-4C05-BDB7-686BE426BE54}.Debug|x64.Build.0 = Debug|Any CPU
		{242CA1BA-0BD8-4C05-BDB7-686BE426BE54}.Debug|x86.ActiveCfg = Debug|Any CPU
		{242CA1BA-0BD8-4C05-BDB7-686BE426BE54}.Debug|x86.Build.0 = Debug|Any CPU
		{242CA1BA-0BD8-4C05-BDB7-686BE426BE54}.Release 1|Any CPU.ActiveCfg = Release|Any CPU
		{242CA1BA-0BD8-4C05-BDB7-686BE426BE54}.Release 1|Any CPU.Build.0 = Release|Any CPU
		{242CA1BA-0BD8-4C05-BDB7-686BE426BE54}.Release 1|x64.ActiveCfg = Release|Any CPU
		{242CA1BA-0BD8-4C05-BDB7-686BE426BE54}.Release 1|x64.Build.0 = Release|Any CPU
		{242CA1BA-0BD8-4C05-BDB7-686BE426BE54}.Release 1|x86.ActiveCfg = Release|Any CPU
		{242CA1BA-0BD8-4C05-BDB7-686BE426BE54}.Release 1|x86.Build.0 = Release|Any CPU
		{242CA1BA-0BD8-4C05-BDB7-686BE426BE54}.Release|Any CPU.ActiveCfg = Release|Any CPU
		{242CA1BA-0BD8-4C05-BDB7-686BE426BE54}.Release|Any CPU.Build.0 = Release|Any CPU
		{242CA1BA-0BD8-4C05-BDB7-686BE426BE54}.Release|x64.ActiveCfg = Release|Any CPU
		{242CA1BA-0BD8-4C05-BDB7-686BE426BE54}.Release|x64.Build.0 = Release|Any CPU
		{242CA1BA-0BD8-4C05-BDB7-686BE426BE54}.Release|x86.ActiveCfg = Release|Any CPU
		{242CA1BA-0BD8-4C05-BDB7-686BE426BE54}.Release|x86.Build.0 = Release|Any CPU
		{DBD25978-944F-4A0F-A023-358998F07DAE}.Debug|Any CPU.ActiveCfg = Debug
		{DBD25978-944F-4A0F-A023-358998F07DAE}.Debug|x64.ActiveCfg = Debug
		{DBD25978-944F-4A0F-A023-358998F07DAE}.Debug|x86.ActiveCfg = Debug
		{DBD25978-944F-4A0F-A023-358998F07DAE}.Release 1|Any CPU.ActiveCfg = Release
		{DBD25978-944F-4A0F-A023-358998F07DAE}.Release 1|x64.ActiveCfg = Release
		{DBD25978-944F-4A0F-A023-358998F07DAE}.Release 1|x86.ActiveCfg = Release
		{DBD25978-944F-4A0F-A023-358998F07DAE}.Release|Any CPU.ActiveCfg = Release
		{DBD25978-944F-4A0F-A023-358998F07DAE}.Release|x64.ActiveCfg = Release
		{DBD25978-944F-4A0F-A023-358998F07DAE}.Release|x86.ActiveCfg = Release
		{05F844D3-5440-47EC-AA64-2306CA198557}.Debug|Any CPU.ActiveCfg = Debug
		{05F844D3-5440-47EC-AA64-2306CA198557}.Debug|x64.ActiveCfg = Debug
		{05F844D3-5440-47EC-AA64-2306CA198557}.Debug|x86.ActiveCfg = Debug
		{05F844D3-5440-47EC-AA64-2306CA198557}.Release 1|Any CPU.ActiveCfg = Release
		{05F844D3-5440-47EC-AA64-2306CA198557}.Release 1|x64.ActiveCfg = Release
		{05F844D3-5440-47EC-AA64-2306CA198557}.Release 1|x86.ActiveCfg = Release
		{05F844D3-5440-47EC-AA64-2306CA198557}.Release|Any CPU.ActiveCfg = Release
		{05F844D3-5440-47EC-AA64-2306CA198557}.Release|x64.ActiveCfg = Release
		{05F844D3-5440-47EC-AA64-2306CA198557}.Release|x86.ActiveCfg = Release
		{548E4190-0804-470E-B250-B67D387787B1}.Debug|Any CPU.ActiveCfg = Debug
		{548E4190-0804-470E-B250-B67D387787B1}.Debug|x64.ActiveCfg = Debug
		{548E4190-0804-470E-B250-B67D387787B1}.Debug|x86.ActiveCfg = Debug
		{548E4190-0804-470E-B250-B67D387787B1}.Release 1|Any CPU.ActiveCfg = Release
		{548E4190-0804-470E-B250-B67D387787B1}.Release 1|x64.ActiveCfg = Release
		{548E4190-0804-470E-B250-B67D387787B1}.Release 1|x86.ActiveCfg = Release
		{548E4190-0804-470E-B250-B67D387787B1}.Release|Any CPU.ActiveCfg = Release
		{548E4190-0804-470E-B250-B67D387787B1}.Release|x64.ActiveCfg = Release
		{548E4190-0804-470E-B250-B67D387787B1}.Release|x86.ActiveCfg = Release
		{AFB163DE-CBCC-4927-B7C6-DE6B0BB1B068}.Debug|Any CPU.ActiveCfg = Debug
		{AFB163DE-CBCC-4927-B7C6-DE6B0BB1B068}.Debug|x64.ActiveCfg = Debug
		{AFB163DE-CBCC-4927-B7C6-DE6B0BB1B068}.Debug|x86.ActiveCfg = Debug
		{AFB163DE-CBCC-4927-B7C6-DE6B0BB1B068}.Release 1|Any CPU.ActiveCfg = Release
		{AFB163DE-CBCC-4927-B7C6-DE6B0BB1B068}.Release 1|x64.ActiveCfg = Release
		{AFB163DE-CBCC-4927-B7C6-DE6B0BB1B068}.Release 1|x86.ActiveCfg = Release
		{AFB163DE-CBCC-4927-B7C6-DE6B0BB1B068}.Release|Any CPU.ActiveCfg = Release
		{AFB163DE-CBCC-4927-B7C6-DE6B0BB1B068}.Release|x64.ActiveCfg = Release
		{AFB163DE-CBCC-4927-B7C6-DE6B0BB1B068}.Release|x86.ActiveCfg = Release
		{9DCB9B8F-4645-43F9-BBCE-018EA4A343BD}.Debug|Any CPU.ActiveCfg = Debug
		{9DCB9B8F-4645-43F9-BBCE-018EA4A343BD}.Debug|x64.ActiveCfg = Debug
		{9DCB9B8F-4645-43F9-BBCE-018EA4A343BD}.Debug|x86.ActiveCfg = Debug
		{9DCB9B8F-4645-43F9-BBCE-018EA4A343BD}.Release 1|Any CPU.ActiveCfg = Release
		{9DCB9B8F-4645-43F9-BBCE-018EA4A343BD}.Release 1|x64.ActiveCfg = Release
		{9DCB9B8F-4645-43F9-BBCE-018EA4A343BD}.Release 1|x86.ActiveCfg = Release
		{9DCB9B8F-4645-43F9-BBCE-018EA4A343BD}.Release|Any CPU.ActiveCfg = Release
		{9DCB9B8F-4645-43F9-BBCE-018EA4A343BD}.Release|x64.ActiveCfg = Release
		{9DCB9B8F-4645-43F9-BBCE-018EA4A343BD}.Release|x86.ActiveCfg = Release
		{BCC6C7F7-9619-490D-BF41-F67FE5FE00BB}.Debug|Any CPU.ActiveCfg = Debug
		{BCC6C7F7-9619-490D-BF41-F67FE5FE00BB}.Debug|x64.ActiveCfg = Debug
		{BCC6C7F7-9619-490D-BF41-F67FE5FE00BB}.Debug|x86.ActiveCfg = Debug
		{BCC6C7F7-9619-490D-BF41-F67FE5FE00BB}.Release 1|Any CPU.ActiveCfg = Release
		{BCC6C7F7-9619-490D-BF41-F67FE5FE00BB}.Release 1|x64.ActiveCfg = Release
		{BCC6C7F7-9619-490D-BF41-F67FE5FE00BB}.Release 1|x86.ActiveCfg = Release
		{BCC6C7F7-9619-490D-BF41-F67FE5FE00BB}.Release|Any CPU.ActiveCfg = Release
		{BCC6C7F7-9619-490D-BF41-F67FE5FE00BB}.Release|x64.ActiveCfg = Release
		{BCC6C7F7-9619-490D-BF41-F67FE5FE00BB}.Release|x86.ActiveCfg = Release
		{C6B33725-2F92-43E2-8CB3-4390D93E28DF}.Debug|Any CPU.ActiveCfg = Debug
		{C6B33725-2F92-43E2-8CB3-4390D93E28DF}.Debug|x64.ActiveCfg = Debug
		{C6B33725-2F92-43E2-8CB3-4390D93E28DF}.Debug|x86.ActiveCfg = Debug
		{C6B33725-2F92-43E2-8CB3-4390D93E28DF}.Release 1|Any CPU.ActiveCfg = Release
		{C6B33725-2F92-43E2-8CB3-4390D93E28DF}.Release 1|x64.ActiveCfg = Release
		{C6B33725-2F92-43E2-8CB3-4390D93E28DF}.Release 1|x86.ActiveCfg = Release
		{C6B33725-2F92-43E2-8CB3-4390D93E28DF}.Release|Any CPU.ActiveCfg = Release
		{C6B33725-2F92-43E2-8CB3-4390D93E28DF}.Release|x64.ActiveCfg = Release
		{C6B33725-2F92-43E2-8CB3-4390D93E28DF}.Release|x86.ActiveCfg = Release
		{508D0950-C58F-4494-8988-4D3F014ED5A2}.Debug|Any CPU.ActiveCfg = Debug
		{508D0950-C58F-4494-8988-4D3F014ED5A2}.Debug|x64.ActiveCfg = Debug
		{508D0950-C58F-4494-8988-4D3F014ED5A2}.Debug|x86.ActiveCfg = Debug
		{508D0950-C58F-4494-8988-4D3F014ED5A2}.Release 1|Any CPU.ActiveCfg = Release
		{508D0950-C58F-4494-8988-4D3F014ED5A2}.Release 1|x64.ActiveCfg = Release
		{508D0950-C58F-4494-8988-4D3F014ED5A2}.Release 1|x86.ActiveCfg = Release
		{508D0950-C58F-4494-8988-4D3F014ED5A2}.Release|Any CPU.ActiveCfg = Release
		{508D0950-C58F-4494-8988-4D3F014ED5A2}.Release|x64.ActiveCfg = Release
		{508D0950-C58F-4494-8988-4D3F014ED5A2}.Release|x86.ActiveCfg = Release
		{D63867B0-E07C-49CD-9FC2-C5851E08F4C1}.Debug|Any CPU.ActiveCfg = Debug
		{D63867B0-E07C-49CD-9FC2-C5851E08F4C1}.Debug|x64.ActiveCfg = Debug
		{D63867B0-E07C-49CD-9FC2-C5851E08F4C1}.Debug|x86.ActiveCfg = Debug
		{D63867B0-E07C-49CD-9FC2-C5851E08F4C1}.Release 1|Any CPU.ActiveCfg = Release
		{D63867B0-E07C-49CD-9FC2-C5851E08F4C1}.Release 1|x64.ActiveCfg = Release
		{D63867B0-E07C-49CD-9FC2-C5851E08F4C1}.Release 1|x86.ActiveCfg = Release
		{D63867B0-E07C-49CD-9FC2-C5851E08F4C1}.Release|Any CPU.ActiveCfg = Release
		{D63867B0-E07C-49CD-9FC2-C5851E08F4C1}.Release|x64.ActiveCfg = Release
		{D63867B0-E07C-49CD-9FC2-C5851E08F4C1}.Release|x86.ActiveCfg = Release
		{39AC109F-3460-4975-B70A-B3263A6FCEAB}.Debug|Any CPU.ActiveCfg = Debug
		{39AC109F-3460-4975-B70A-B3263A6FCEAB}.Debug|x64.ActiveCfg = Debug
		{39AC109F-3460-4975-B70A-B3263A6FCEAB}.Debug|x86.ActiveCfg = Debug
		{39AC109F-3460-4975-B70A-B3263A6FCEAB}.Release 1|Any CPU.ActiveCfg = Release
		{39AC109F-3460-4975-B70A-B3263A6FCEAB}.Release 1|x64.ActiveCfg = Release
		{39AC109F-3460-4975-B70A-B3263A6FCEAB}.Release 1|x86.ActiveCfg = Release
		{39AC109F-3460-4975-B70A-B3263A6FCEAB}.Release|Any CPU.ActiveCfg = Release
		{39AC109F-3460-4975-B70A-B3263A6FCEAB}.Release|x64.ActiveCfg = Release
		{39AC109F-3460-4975-B70A-B3263A6FCEAB}.Release|x86.ActiveCfg = Release
		{14B76620-80A1-44EF-A9E8-05CCDE54D51E}.Debug|Any CPU.ActiveCfg = Debug
		{14B76620-80A1-44EF-A9E8-05CCDE54D51E}.Debug|x64.ActiveCfg = Debug
		{14B76620-80A1-44EF-A9E8-05CCDE54D51E}.Debug|x86.ActiveCfg = Debug
		{14B76620-80A1-44EF-A9E8-05CCDE54D51E}.Release 1|Any CPU.ActiveCfg = Release
		{14B76620-80A1-44EF-A9E8-05CCDE54D51E}.Release 1|x64.ActiveCfg = Release
		{14B76620-80A1-44EF-A9E8-05CCDE54D51E}.Release 1|x86.ActiveCfg = Release
		{14B76620-80A1-44EF-A9E8-05CCDE54D51E}.Release|Any CPU.ActiveCfg = Release
		{14B76620-80A1-44EF-A9E8-05CCDE54D51E}.Release|x64.ActiveCfg = Release
		{14B76620-80A1-44EF-A9E8-05CCDE54D51E}.Release|x86.ActiveCfg = Release
		{340D57B0-8F2C-4FDC-A2DD-016428966210}.Debug|Any CPU.ActiveCfg = Debug
		{340D57B0-8F2C-4FDC-A2DD-016428966210}.Debug|x64.ActiveCfg = Debug
		{340D57B0-8F2C-4FDC-A2DD-016428966210}.Debug|x86.ActiveCfg = Debug
		{340D57B0-8F2C-4FDC-A2DD-016428966210}.Release 1|Any CPU.ActiveCfg = Release
		{340D57B0-8F2C-4FDC-A2DD-016428966210}.Release 1|x64.ActiveCfg = Release
		{340D57B0-8F2C-4FDC-A2DD-016428966210}.Release 1|x86.ActiveCfg = Release
		{340D57B0-8F2C-4FDC-A2DD-016428966210}.Release|Any CPU.ActiveCfg = Release
		{340D57B0-8F2C-4FDC-A2DD-016428966210}.Release|x64.ActiveCfg = Release
		{340D57B0-8F2C-4FDC-A2DD-016428966210}.Release|x86.ActiveCfg = Release
		{EEF118D8-1906-48F3-B993-6EBB55CD6E8C}.Debug|Any CPU.ActiveCfg = Debug
		{EEF118D8-1906-48F3-B993-6EBB55CD6E8C}.Debug|x64.ActiveCfg = Debug
		{EEF118D8-1906-48F3-B993-6EBB55CD6E8C}.Debug|x86.ActiveCfg = Debug
		{EEF118D8-1906-48F3-B993-6EBB55CD6E8C}.Release 1|Any CPU.ActiveCfg = Release
		{EEF118D8-1906-48F3-B993-6EBB55CD6E8C}.Release 1|x64.ActiveCfg = Release
		{EEF118D8-1906-48F3-B993-6EBB55CD6E8C}.Release 1|x86.ActiveCfg = Release
		{EEF118D8-1906-48F3-B993-6EBB55CD6E8C}.Release|Any CPU.ActiveCfg = Release
		{EEF118D8-1906-48F3-B993-6EBB55CD6E8C}.Release|x64.ActiveCfg = Release
		{EEF118D8-1906-48F3-B993-6EBB55CD6E8C}.Release|x86.ActiveCfg = Release
		{B5B8D6FC-FF9C-424D-9602-57180CCE15B2}.Debug|Any CPU.ActiveCfg = Debug
		{B5B8D6FC-FF9C-424D-9602-57180CCE15B2}.Debug|x64.ActiveCfg = Debug
		{B5B8D6FC-FF9C-424D-9602-57180CCE15B2}.Debug|x86.ActiveCfg = Debug
		{B5B8D6FC-FF9C-424D-9602-57180CCE15B2}.Release 1|Any CPU.ActiveCfg = Release
		{B5B8D6FC-FF9C-424D-9602-57180CCE15B2}.Release 1|x64.ActiveCfg = Release
		{B5B8D6FC-FF9C-424D-9602-57180CCE15B2}.Release 1|x86.ActiveCfg = Release
		{B5B8D6FC-FF9C-424D-9602-57180CCE15B2}.Release|Any CPU.ActiveCfg = Release
		{B5B8D6FC-FF9C-424D-9602-57180CCE15B2}.Release|x64.ActiveCfg = Release
		{B5B8D6FC-FF9C-424D-9602-57180CCE15B2}.Release|x86.ActiveCfg = Release
		{53C440A8-3FBA-4BCB-B797-F027B2FAB4E7}.Debug|Any CPU.ActiveCfg = Debug
		{53C440A8-3FBA-4BCB-B797-F027B2FAB4E7}.Debug|x64.ActiveCfg = Debug
		{53C440A8-3FBA-4BCB-B797-F027B2FAB4E7}.Debug|x86.ActiveCfg = Debug
		{53C440A8-3FBA-4BCB-B797-F027B2FAB4E7}.Release 1|Any CPU.ActiveCfg = Release
		{53C440A8-3FBA-4BCB-B797-F027B2FAB4E7}.Release 1|x64.ActiveCfg = Release
		{53C440A8-3FBA-4BCB-B797-F027B2FAB4E7}.Release 1|x86.ActiveCfg = Release
		{53C440A8-3FBA-4BCB-B797-F027B2FAB4E7}.Release|Any CPU.ActiveCfg = Release
		{53C440A8-3FBA-4BCB-B797-F027B2FAB4E7}.Release|x64.ActiveCfg = Release
		{53C440A8-3FBA-4BCB-B797-F027B2FAB4E7}.Release|x86.ActiveCfg = Release
		{1991E976-701E-48A0-9D70-B4C668EE2333}.Debug|Any CPU.ActiveCfg = Debug
		{1991E976-701E-48A0-9D70-B4C668EE2333}.Debug|x64.ActiveCfg = Debug
		{1991E976-701E-48A0-9D70-B4C668EE2333}.Debug|x86.ActiveCfg = Debug
		{1991E976-701E-48A0-9D70-B4C668EE2333}.Release 1|Any CPU.ActiveCfg = Release
		{1991E976-701E-48A0-9D70-B4C668EE2333}.Release 1|x64.ActiveCfg = Release
		{1991E976-701E-48A0-9D70-B4C668EE2333}.Release 1|x86.ActiveCfg = Release
		{1991E976-701E-48A0-9D70-B4C668EE2333}.Release|Any CPU.ActiveCfg = Release
		{1991E976-701E-48A0-9D70-B4C668EE2333}.Release|x64.ActiveCfg = Release
		{1991E976-701E-48A0-9D70-B4C668EE2333}.Release|x86.ActiveCfg = Release
		{C61F2151-30FB-42A5-9B76-F43855A048DC}.Debug|Any CPU.ActiveCfg = Debug
		{C61F2151-30FB-42A5-9B76-F43855A048DC}.Debug|x64.ActiveCfg = Debug
		{C61F2151-30FB-42A5-9B76-F43855A048DC}.Debug|x86.ActiveCfg = Debug
		{C61F2151-30FB-42A5-9B76-F43855A048DC}.Release 1|Any CPU.ActiveCfg = Release
		{C61F2151-30FB-42A5-9B76-F43855A048DC}.Release 1|x64.ActiveCfg = Release
		{C61F2151-30FB-42A5-9B76-F43855A048DC}.Release 1|x86.ActiveCfg = Release
		{C61F2151-30FB-42A5-9B76-F43855A048DC}.Release|Any CPU.ActiveCfg = Release
		{C61F2151-30FB-42A5-9B76-F43855A048DC}.Release|x64.ActiveCfg = Release
		{C61F2151-30FB-42A5-9B76-F43855A048DC}.Release|x86.ActiveCfg = Release
		{B8F961C3-AA35-45D7-9817-913640CFF9E4}.Debug|Any CPU.ActiveCfg = Debug
		{B8F961C3-AA35-45D7-9817-913640CFF9E4}.Debug|x64.ActiveCfg = Debug
		{B8F961C3-AA35-45D7-9817-913640CFF9E4}.Debug|x86.ActiveCfg = Debug
		{B8F961C3-AA35-45D7-9817-913640CFF9E4}.Release 1|Any CPU.ActiveCfg = Release
		{B8F961C3-AA35-45D7-9817-913640CFF9E4}.Release 1|x64.ActiveCfg = Release
		{B8F961C3-AA35-45D7-9817-913640CFF9E4}.Release 1|x86.ActiveCfg = Release
		{B8F961C3-AA35-45D7-9817-913640CFF9E4}.Release|Any CPU.ActiveCfg = Release
		{B8F961C3-AA35-45D7-9817-913640CFF9E4}.Release|x64.ActiveCfg = Release
		{B8F961C3-AA35-45D7-9817-913640CFF9E4}.Release|x86.ActiveCfg = Release
		{A72B15C0-60CE-4BA4-BC3A-EE1884418512}.Debug|Any CPU.ActiveCfg = Debug
		{A72B15C0-60CE-4BA4-BC3A-EE1884418512}.Debug|x64.ActiveCfg = Debug
		{A72B15C0-60CE-4BA4-BC3A-EE1884418512}.Debug|x86.ActiveCfg = Debug
		{A72B15C0-60CE-4BA4-BC3A-EE1884418512}.Release 1|Any CPU.ActiveCfg = Release
		{A72B15C0-60CE-4BA4-BC3A-EE1884418512}.Release 1|x64.ActiveCfg = Release
		{A72B15C0-60CE-4BA4-BC3A-EE1884418512}.Release 1|x86.ActiveCfg = Release
		{A72B15C0-60CE-4BA4-BC3A-EE1884418512}.Release|Any CPU.ActiveCfg = Release
		{A72B15C0-60CE-4BA4-BC3A-EE1884418512}.Release|x64.ActiveCfg = Release
		{A72B15C0-60CE-4BA4-BC3A-EE1884418512}.Release|x86.ActiveCfg = Release
		{49DACC79-53A9-411B-85FA-8CACAAFF05F7}.Debug|Any CPU.ActiveCfg = Debug
		{49DACC79-53A9-411B-85FA-8CACAAFF05F7}.Debug|x64.ActiveCfg = Debug
		{49DACC79-53A9-411B-85FA-8CACAAFF05F7}.Debug|x86.ActiveCfg = Debug
		{49DACC79-53A9-411B-85FA-8CACAAFF05F7}.Release 1|Any CPU.ActiveCfg = Release
		{49DACC79-53A9-411B-85FA-8CACAAFF05F7}.Release 1|x64.ActiveCfg = Release
		{49DACC79-53A9-411B-85FA-8CACAAFF05F7}.Release 1|x86.ActiveCfg = Release
		{49DACC79-53A9-411B-85FA-8CACAAFF05F7}.Release|Any CPU.ActiveCfg = Release
		{49DACC79-53A9-411B-85FA-8CACAAFF05F7}.Release|x64.ActiveCfg = Release
		{49DACC79-53A9-411B-85FA-8CACAAFF05F7}.Release|x86.ActiveCfg = Release
		{280560ED-5F8A-4876-81BD-14C7CCEBF23A}.Debug|Any CPU.ActiveCfg = Debug
		{280560ED-5F8A-4876-81BD-14C7CCEBF23A}.Debug|x64.ActiveCfg = Debug
		{280560ED-5F8A-4876-81BD-14C7CCEBF23A}.Debug|x86.ActiveCfg = Debug
		{280560ED-5F8A-4876-81BD-14C7CCEBF23A}.Release 1|Any CPU.ActiveCfg = Release
		{280560ED-5F8A-4876-81BD-14C7CCEBF23A}.Release 1|x64.ActiveCfg = Release
		{280560ED-5F8A-4876-81BD-14C7CCEBF23A}.Release 1|x86.ActiveCfg = Release
		{280560ED-5F8A-4876-81BD-14C7CCEBF23A}.Release|Any CPU.ActiveCfg = Release
		{280560ED-5F8A-4876-81BD-14C7CCEBF23A}.Release|x64.ActiveCfg = Release
		{280560ED-5F8A-4876-81BD-14C7CCEBF23A}.Release|x86.ActiveCfg = Release
		{3FF96418-15D3-4B44-BD8A-E53EE5C6DA93}.Debug|Any CPU.ActiveCfg = Debug
		{3FF96418-15D3-4B44-BD8A-E53EE5C6DA93}.Debug|x64.ActiveCfg = Debug
		{3FF96418-15D3-4B44-BD8A-E53EE5C6DA93}.Debug|x86.ActiveCfg = Debug
		{3FF96418-15D3-4B44-BD8A-E53EE5C6DA93}.Release 1|Any CPU.ActiveCfg = Release
		{3FF96418-15D3-4B44-BD8A-E53EE5C6DA93}.Release 1|x64.ActiveCfg = Release
		{3FF96418-15D3-4B44-BD8A-E53EE5C6DA93}.Release 1|x86.ActiveCfg = Release
		{3FF96418-15D3-4B44-BD8A-E53EE5C6DA93}.Release|Any CPU.ActiveCfg = Release
		{3FF96418-15D3-4B44-BD8A-E53EE5C6DA93}.Release|x64.ActiveCfg = Release
		{3FF96418-15D3-4B44-BD8A-E53EE5C6DA93}.Release|x86.ActiveCfg = Release
	EndGlobalSection
	GlobalSection(SolutionProperties) = preSolution
		HideSolutionNode = FALSE
	EndGlobalSection
EndGlobal
